
Microsoft Visual Studio Solution File, Format Version 12.00
# Visual Studio 15
VisualStudioVersion = 15.0.28307.1145
MinimumVisualStudioVersion = 10.0.40219.1
Project("{9A19103F-16F7-4668-BE54-9A1E7A4F7556}") = "Launcher", "Launcher.csproj", "{BF415D92-AA7B-4FDA-8AB5-A742E7680FB3}"
EndProject
Global
	GlobalSection(SolutionConfigurationPlatforms) = preSolution
		Debug|Any CPU = Debug|Any CPU
		Release|Any CPU = Release|Any CPU
	EndGlobalSection
	GlobalSection(ProjectConfigurationPlatforms) = postSolution
		{BF415D92-AA7B-4FDA-8AB5-A742E7680FB3}.Debug|Any CPU.ActiveCfg = Debug|Any CPU
		{BF415D92-AA7B-4FDA-8AB5-A742E7680FB3}.Debug|Any CPU.Build.0 = Debug|Any CPU
		{BF415D92-AA7B-4FDA-8AB5-A742E7680FB3}.Release|Any CPU.ActiveCfg = Release|Any CPU
		{BF415D92-AA7B-4FDA-8AB5-A742E7680FB3}.Release|Any CPU.Build.0 = Release|Any CPU
	EndGlobalSection
	GlobalSection(SolutionProperties) = preSolution
		HideSolutionNode = FALSE
	EndGlobalSection
	GlobalSection(ExtensibilityGlobals) = postSolution
		SolutionGuid = {B3525757-8037-4430-B321-37A249577264}
	EndGlobalSection
EndGlobal
